
Microsoft Visual Studio Solution File, Format Version 12.00
# Visual Studio 15
VisualStudioVersion = 15.0.28010.2050
MinimumVisualStudioVersion = 10.0.40219.1
Project("{FAE04EC0-301F-11D3-BF4B-00C04F79EFBC}") = "Mysoft.Demo.Web", "Mysoft.Demo.Web\Mysoft.Demo.Web.csproj", "{52595806-660A-4EF9-8167-01C7BF6D78F5}"
EndProject
Global
	GlobalSection(SolutionConfigurationPlatforms) = preSolution
		Debug|Any CPU = Debug|Any CPU
		Release|Any CPU = Release|Any CPU
	EndGlobalSection
	GlobalSection(ProjectConfigurationPlatforms) = postSolution
		{52595806-660A-4EF9-8167-01C7BF6D78F5}.Debug|Any CPU.ActiveCfg = Debug|Any CPU
		{52595806-660A-4EF9-8167-01C7BF6D78F5}.Debug|Any CPU.Build.0 = Debug|Any CPU
		{52595806-660A-4EF9-8167-01C7BF6D78F5}.Release|Any CPU.ActiveCfg = Release|Any CPU
		{52595806-660A-4EF9-8167-01C7BF6D78F5}.Release|Any CPU.Build.0 = Release|Any CPU
	EndGlobalSection
	GlobalSection(SolutionProperties) = preSolution
		HideSolutionNode = FALSE
	EndGlobalSection
	GlobalSection(ExtensibilityGlobals) = postSolution
		SolutionGuid = {52445DAE-49A5-495B-AB50-B8DA7E94C206}
	EndGlobalSection
EndGlobal
